// !$*UTF8*$!
{
	archiveVersion = 1;
	classes = {
	};
	objectVersion = 50;
	objects = {

/* Begin PBXBuildFile section */
		CE9195272499EF520040A8FD /* AppDelegate.swift in Sources */ = {isa = PBXBuildFile; fileRef = CE9195262499EF520040A8FD /* AppDelegate.swift */; };
		CE9195292499EF520040A8FD /* SceneDelegate.swift in Sources */ = {isa = PBXBuildFile; fileRef = CE9195282499EF520040A8FD /* SceneDelegate.swift */; };
		CE91952B2499EF520040A8FD /* ViewController.swift in Sources */ = {isa = PBXBuildFile; fileRef = CE91952A2499EF520040A8FD /* ViewController.swift */; };
		CE91952E2499EF520040A8FD /* Main.storyboard in Resources */ = {isa = PBXBuildFile; fileRef = CE91952C2499EF520040A8FD /* Main.storyboard */; };
		CE9195312499EF520040A8FD /* BisoSound.xcdatamodeld in Sources */ = {isa = PBXBuildFile; fileRef = CE91952F2499EF520040A8FD /* BisoSound.xcdatamodeld */; };
		CE9195332499EF570040A8FD /* Assets.xcassets in Resources */ = {isa = PBXBuildFile; fileRef = CE9195322499EF570040A8FD /* Assets.xcassets */; };
		CE9195362499EF570040A8FD /* LaunchScreen.storyboard in Resources */ = {isa = PBXBuildFile; fileRef = CE9195342499EF570040A8FD /* LaunchScreen.storyboard */; };
		CE91953E2499F2340040A8FD /* SoundViewController.swift in Sources */ = {isa = PBXBuildFile; fileRef = CE91953D2499F2340040A8FD /* SoundViewController.swift */; };
/* End PBXBuildFile section */

/* Begin PBXFileReference section */
		CE9195232499EF520040A8FD /* BisoSound.app */ = {isa = PBXFileReference; explicitFileType = wrapper.application; includeInIndex = 0; path = BisoSound.app; sourceTree = BUILT_PRODUCTS_DIR; };
		CE9195262499EF520040A8FD /* AppDelegate.swift */ = {isa = PBXFileReference; lastKnownFileType = sourcecode.swift; path = AppDelegate.swift; sourceTree = "<group>"; };
		CE9195282499EF520040A8FD /* SceneDelegate.swift */ = {isa = PBXFileReference; lastKnownFileType = sourcecode.swift; path = SceneDelegate.swift; sourceTree = "<group>"; };
		CE91952A2499EF520040A8FD /* ViewController.swift */ = {isa = PBXFileReference; lastKnownFileType = sourcecode.swift; path = ViewController.swift; sourceTree = "<group>"; };
		CE91952D2499EF520040A8FD /* Base */ = {isa = PBXFileReference; lastKnownFileType = file.storyboard; name = Base; path = Base.lproj/Main.storyboard; sourceTree = "<group>"; };
		CE9195302499EF520040A8FD /* BisoSound.xcdatamodel */ = {isa = PBXFileReference; lastKnownFileType = wrapper.xcdatamodel; path = BisoSound.xcdatamodel; sourceTree = "<group>"; };
		CE9195322499EF570040A8FD /* Assets.xcassets */ = {isa = PBXFileReference; lastKnownFileType = folder.assetcatalog; path = Assets.xcassets; sourceTree = "<group>"; };
		CE9195352499EF570040A8FD /* Base */ = {isa = PBXFileReference; lastKnownFileType = file.storyboard; name = Base; path = Base.lproj/LaunchScreen.storyboard; sourceTree = "<group>"; };
		CE9195372499EF570040A8FD /* Info.plist */ = {isa = PBXFileReference; lastKnownFileType = text.plist.xml; path = Info.plist; sourceTree = "<group>"; };
		CE91953D2499F2340040A8FD /* SoundViewController.swift */ = {isa = PBXFileReference; lastKnownFileType = sourcecode.swift; path = SoundViewController.swift; sourceTree = "<group>"; };
/* End PBXFileReference section */

/* Begin PBXFrameworksBuildPhase section */
		CE9195202499EF520040A8FD /* Frameworks */ = {
			isa = PBXFrameworksBuildPhase;
			buildActionMask = 2147483647;
			files = (
			);
			runOnlyForDeploymentPostprocessing = 0;
		};
/* End PBXFrameworksBuildPhase section */

/* Begin PBXGroup section */
		CE91951A2499EF520040A8FD = {
			isa = PBXGroup;
			children = (
				CE9195252499EF520040A8FD /* BisoSound */,
				CE9195242499EF520040A8FD /* Products */,
			);
			sourceTree = "<group>";
		};
		CE9195242499EF520040A8FD /* Products */ = {
			isa = PBXGroup;
			children = (
				CE9195232499EF520040A8FD /* BisoSound.app */,
			);
			name = Products;
			sourceTree = "<group>";
		};
		CE9195252499EF520040A8FD /* BisoSound */ = {
			isa = PBXGroup;
			children = (
				CE9195262499EF520040A8FD /* AppDelegate.swift */,
				CE9195282499EF520040A8FD /* SceneDelegate.swift */,
				CE91952A2499EF520040A8FD /* ViewController.swift */,
				CE91952C2499EF520040A8FD /* Main.storyboard */,
				CE91953D2499F2340040A8FD /* SoundViewController.swift */,
				CE9195322499EF570040A8FD /* Assets.xcassets */,
				CE9195342499EF570040A8FD /* LaunchScreen.storyboard */,
				CE9195372499EF570040A8FD /* Info.plist */,
				CE91952F2499EF520040A8FD /* BisoSound.xcdatamodeld */,
			);
			path = BisoSound;
			sourceTree = "<group>";
		};
/* End PBXGroup section */

/* Begin PBXNativeTarget section */
		CE9195222499EF520040A8FD /* BisoSound */ = {
			isa = PBXNativeTarget;
			buildConfigurationList = CE91953A2499EF570040A8FD /* Build configuration list for PBXNativeTarget "BisoSound" */;
			buildPhases = (
				CE91951F2499EF520040A8FD /* Sources */,
				CE9195202499EF520040A8FD /* Frameworks */,
				CE9195212499EF520040A8FD /* Resources */,
			);
			buildRules = (
			);
			dependencies = (
			);
			name = BisoSound;
			productName = BisoSound;
			productReference = CE9195232499EF520040A8FD /* BisoSound.app */;
			productType = "com.apple.product-type.application";
		};
/* End PBXNativeTarget section */

/* Begin PBXProject section */
		CE91951B2499EF520040A8FD /* Project object */ = {
			isa = PBXProject;
			attributes = {
				LastSwiftUpdateCheck = 1150;
				LastUpgradeCheck = 1150;
				ORGANIZATIONNAME = "Krys Ngabi";
				TargetAttributes = {
					CE9195222499EF520040A8FD = {
						CreatedOnToolsVersion = 11.5;
					};
				};
			};
			buildConfigurationList = CE91951E2499EF520040A8FD /* Build configuration list for PBXProject "BisoSound" */;
			compatibilityVersion = "Xcode 9.3";
			developmentRegion = en;
			hasScannedForEncodings = 0;
			knownRegions = (
				en,
				Base,
			);
			mainGroup = CE91951A2499EF520040A8FD;
			productRefGroup = CE9195242499EF520040A8FD /* Products */;
			projectDirPath = "";
			projectRoot = "";
			targets = (
				CE9195222499EF520040A8FD /* BisoSound */,
			);
		};
/* End PBXProject section */

/* Begin PBXResourcesBuildPhase section */
		CE9195212499EF520040A8FD /* Resources */ = {
			isa = PBXResourcesBuildPhase;
			buildActionMask = 2147483647;
			files = (
				CE9195362499EF570040A8FD /* LaunchScreen.storyboard in Resources */,
				CE9195332499EF570040A8FD /* Assets.xcassets in Resources */,
				CE91952E2499EF520040A8FD /* Main.storyboard in Resources */,
			);
			runOnlyForDeploymentPostprocessing = 0;
		};
/* End PBXResourcesBuildPhase section */

/* Begin PBXSourcesBuildPhase section */
		CE91951F2499EF520040A8FD /* Sources */ = {
			isa = PBXSourcesBuildPhase;
			buildActionMask = 2147483647;
			files = (
				CE9195312499EF520040A8FD /* BisoSound.xcdatamodeld in Sources */,
				CE91952B2499EF520040A8FD /* ViewController.swift in Sources */,
				CE9195272499EF520040A8FD /* AppDelegate.swift in Sources */,
				CE9195292499EF520040A8FD /* SceneDelegate.swift in Sources */,
				CE91953E2499F2340040A8FD /* SoundViewController.swift in Sources */,
			);
			runOnlyForDeploymentPostprocessing = 0;
		};
/* End PBXSourcesBuildPhase section */

/* Begin PBXVariantGroup section */
		CE91952C2499EF520040A8FD /* Main.storyboard */ = {
			isa = PBXVariantGroup;
			children = (
				CE91952D2499EF520040A8FD /* Base */,
			);
			name = Main.storyboard;
			sourceTree = "<group>";
		};
		CE9195342499EF570040A8FD /* LaunchScreen.storyboard */ = {
			isa = PBXVariantGroup;
			children = (
				CE9195352499EF570040A8FD /* Base */,
			);
			name = LaunchScreen.storyboard;
			sourceTree = "<group>";
		};
/* End PBXVariantGroup section */

/* Begin XCBuildConfiguration section */
		CE9195382499EF570040A8FD /* Debug */ = {
			isa = XCBuildConfiguration;
			buildSettings = {
				ALWAYS_SEARCH_USER_PATHS = NO;
				CLANG_ANALYZER_NONNULL = YES;
				CLANG_ANALYZER_NUMBER_OBJECT_CONVERSION = YES_AGGRESSIVE;
				CLANG_CXX_LANGUAGE_STANDARD = "gnu++14";
				CLANG_CXX_LIBRARY = "libc++";
				CLANG_ENABLE_MODULES = YES;
				CLANG_ENABLE_OBJC_ARC = YES;
				CLANG_ENABLE_OBJC_WEAK = YES;
				CLANG_WARN_BLOCK_CAPTURE_AUTORELEASING = YES;
				CLANG_WARN_BOOL_CONVERSION = YES;
				CLANG_WARN_COMMA = YES;
				CLANG_WARN_CONSTANT_CONVERSION = YES;
				CLANG_WARN_DEPRECATED_OBJC_IMPLEMENTATIONS = YES;
				CLANG_WARN_DIRECT_OBJC_ISA_USAGE = YES_ERROR;
				CLANG_WARN_DOCUMENTATION_COMMENTS = YES;
				CLANG_WARN_EMPTY_BODY = YES;
				CLANG_WARN_ENUM_CONVERSION = YES;
				CLANG_WARN_INFINITE_RECURSION = YES;
				CLANG_WARN_INT_CONVERSION = YES;
				CLANG_WARN_NON_LITERAL_NULL_CONVERSION = YES;
				CLANG_WARN_OBJC_IMPLICIT_RETAIN_SELF = YES;
				CLANG_WARN_OBJC_LITERAL_CONVERSION = YES;
				CLANG_WARN_OBJC_ROOT_CLASS = YES_ERROR;
				CLANG_WARN_RANGE_LOOP_ANALYSIS = YES;
				CLANG_WARN_STRICT_PROTOTYPES = YES;
				CLANG_WARN_SUSPICIOUS_MOVE = YES;
				CLANG_WARN_UNGUARDED_AVAILABILITY = YES_AGGRESSIVE;
				CLANG_WARN_UNREACHABLE_CODE = YES;
				CLANG_WARN__DUPLICATE_METHOD_MATCH = YES;
				COPY_PHASE_STRIP = NO;
				DEBUG_INFORMATION_FORMAT = dwarf;
				ENABLE_STRICT_OBJC_MSGSEND = YES;
				ENABLE_TESTABILITY = YES;
				GCC_C_LANGUAGE_STANDARD = gnu11;
				GCC_DYNAMIC_NO_PIC = NO;
				GCC_NO_COMMON_BLOCKS = YES;
				GCC_OPTIMIZATION_LEVEL = 0;
				GCC_PREPROCESSOR_DEFINITIONS = (
					"DEBUG=1",
					"$(inherited)",
				);
				GCC_WARN_64_TO_32_BIT_CONVERSION = YES;
				GCC_WARN_ABOUT_RETURN_TYPE = YES_ERROR;
				GCC_WARN_UNDECLARED_SELECTOR = YES;
				GCC_WARN_UNINITIALIZED_AUTOS = YES_AGGRESSIVE;
				GCC_WARN_UNUSED_FUNCTION = YES;
				GCC_WARN_UNUSED_VARIABLE = YES;
				IPHONEOS_DEPLOYMENT_TARGET = 13.5;
				MTL_ENABLE_DEBUG_INFO = INCLUDE_SOURCE;
				MTL_FAST_MATH = YES;
				ONLY_ACTIVE_ARCH = YES;
				SDKROOT = iphoneos;
				SWIFT_ACTIVE_COMPILATION_CONDITIONS = DEBUG;
				SWIFT_OPTIMIZATION_LEVEL = "-Onone";
			};
			name = Debug;
		};
		CE9195392499EF570040A8FD /* Release */ = {
			isa = XCBuildConfiguration;
			buildSettings = {
				ALWAYS_SEARCH_USER_PATHS = NO;
				CLANG_ANALYZER_NONNULL = YES;
				CLANG_ANALYZER_NUMBER_OBJECT_CONVERSION = YES_AGGRESSIVE;
				CLANG_CXX_LANGUAGE_STANDARD = "gnu++14";
				CLANG_CXX_LIBRARY = "libc++";
				CLANG_ENABLE_MODULES = YES;
				CLANG_ENABLE_OBJC_ARC = YES;
				CLANG_ENABLE_OBJC_WEAK = YES;
				CLANG_WARN_BLOCK_CAPTURE_AUTORELEASING = YES;
				CLANG_WARN_BOOL_CONVERSION = YES;
				CLANG_WARN_COMMA = YES;
				CLANG_WARN_CONSTANT_CONVERSION = YES;
				CLANG_WARN_DEPRECATED_OBJC_IMPLEMENTATIONS = YES;
				CLANG_WARN_DIRECT_OBJC_ISA_USAGE = YES_ERROR;
				CLANG_WARN_DOCUMENTATION_COMMENTS = YES;
				CLANG_WARN_EMPTY_BODY = YES;
				CLANG_WARN_ENUM_CONVERSION = YES;
				CLANG_WARN_INFINITE_RECURSION = YES;
				CLANG_WARN_INT_CONVERSION = YES;
				CLANG_WARN_NON_LITERAL_NULL_CONVERSION = YES;
				CLANG_WARN_OBJC_IMPLICIT_RETAIN_SELF = YES;
				CLANG_WARN_OBJC_LITERAL_CONVERSION = YES;
				CLANG_WARN_OBJC_ROOT_CLASS = YES_ERROR;
				CLANG_WARN_RANGE_LOOP_ANALYSIS = YES;
				CLANG_WARN_STRICT_PROTOTYPES = YES;
				CLANG_WARN_SUSPICIOUS_MOVE = YES;
				CLANG_WARN_UNGUARDED_AVAILABILITY = YES_AGGRESSIVE;
				CLANG_WARN_UNREACHABLE_CODE = YES;
				CLANG_WARN__DUPLICATE_METHOD_MATCH = YES;
				COPY_PHASE_STRIP = NO;
				DEBUG_INFORMATION_FORMAT = "dwarf-with-dsym";
				ENABLE_NS_ASSERTIONS = NO;
				ENABLE_STRICT_OBJC_MSGSEND = YES;
				GCC_C_LANGUAGE_STANDARD = gnu11;
				GCC_NO_COMMON_BLOCKS = YES;
				GCC_WARN_64_TO_32_BIT_CONVERSION = YES;
				GCC_WARN_ABOUT_RETURN_TYPE = YES_ERROR;
				GCC_WARN_UNDECLARED_SELECTOR = YES;
				GCC_WARN_UNINITIALIZED_AUTOS = YES_AGGRESSIVE;
				GCC_WARN_UNUSED_FUNCTION = YES;
				GCC_WARN_UNUSED_VARIABLE = YES;
				IPHONEOS_DEPLOYMENT_TARGET = 13.5;
				MTL_ENABLE_DEBUG_INFO = NO;
				MTL_FAST_MATH = YES;
				SDKROOT = iphoneos;
				SWIFT_COMPILATION_MODE = wholemodule;
				SWIFT_OPTIMIZATION_LEVEL = "-O";
				VALIDATE_PRODUCT = YES;
			};
			name = Release;
		};
		CE91953B2499EF570040A8FD /* Debug */ = {
			isa = XCBuildConfiguration;
			buildSettings = {
				ASSETCATALOG_COMPILER_APPICON_NAME = AppIcon;
				CODE_SIGN_STYLE = Automatic;
				DEVELOPMENT_TEAM = 6Q85245ARV;
				INFOPLIST_FILE = BisoSound/Info.plist;
				LD_RUNPATH_SEARCH_PATHS = (
					"$(inherited)",
					"@executable_path/Frameworks",
				);
				PRODUCT_BUNDLE_IDENTIFIER = com.smartit243.BisoSound;
				PRODUCT_NAME = "$(TARGET_NAME)";
				SWIFT_VERSION = 5.0;
				TARGETED_DEVICE_FAMILY = "1,2";
			};
			name = Debug;
		};
		CE91953C2499EF570040A8FD /* Release */ = {
			isa = XCBuildConfiguration;
			buildSettings = {
				ASSETCATALOG_COMPILER_APPICON_NAME = AppIcon;
				CODE_SIGN_STYLE = Automatic;
				DEVELOPMENT_TEAM = 6Q85245ARV;
				INFOPLIST_FILE = BisoSound/Info.plist;
				LD_RUNPATH_SEARCH_PATHS = (
					"$(inherited)",
					"@executable_path/Frameworks",
				);
				PRODUCT_BUNDLE_IDENTIFIER = com.smartit243.BisoSound;
				PRODUCT_NAME = "$(TARGET_NAME)";
				SWIFT_VERSION = 5.0;
				TARGETED_DEVICE_FAMILY = "1,2";
			};
			name = Release;
		};
/* End XCBuildConfiguration section */

/* Begin XCConfigurationList section */
		CE91951E2499EF520040A8FD /* Build configuration list for PBXProject "BisoSound" */ = {
			isa = XCConfigurationList;
			buildConfigurations = (
				CE9195382499EF570040A8FD /* Debug */,
				CE9195392499EF570040A8FD /* Release */,
			);
			defaultConfigurationIsVisible = 0;
			defaultConfigurationName = Release;
		};
		CE91953A2499EF570040A8FD /* Build configuration list for PBXNativeTarget "BisoSound" */ = {
			isa = XCConfigurationList;
			buildConfigurations = (
				CE91953B2499EF570040A8FD /* Debug */,
				CE91953C2499EF570040A8FD /* Release */,
			);
			defaultConfigurationIsVisible = 0;
			defaultConfigurationName = Release;
		};
/* End XCConfigurationList section */

/* Begin XCVersionGroup section */
		CE91952F2499EF520040A8FD /* BisoSound.xcdatamodeld */ = {
			isa = XCVersionGroup;
			children = (
				CE9195302499EF520040A8FD /* BisoSound.xcdatamodel */,
			);
			currentVersion = CE9195302499EF520040A8FD /* BisoSound.xcdatamodel */;
			path = BisoSound.xcdatamodeld;
			sourceTree = "<group>";
			versionGroupType = wrapper.xcdatamodel;
		};
/* End XCVersionGroup section */
	};
	rootObject = CE91951B2499EF520040A8FD /* Project object */;
}
